
Microsoft Visual Studio Solution File, Format Version 12.00
# Visual Studio 14
VisualStudioVersion = 14.0.23107.0
MinimumVisualStudioVersion = 10.0.40219.1
Project("{FAE04EC0-301F-11D3-BF4B-00C04F79EFBC}") = "ErrorsAndFailures", "ErrorsAndFailures\ErrorsAndFailures.csproj", "{0E728935-9E7E-4DE2-873E-62136C2A0318}"
EndProject
Project("{FAE04EC0-301F-11D3-BF4B-00C04F79EFBC}") = "Exceptions", "Exceptions\Exceptions.csproj", "{B384A028-C393-4B29-979B-0384F2CC89F2}"
EndProject
Project("{FAE04EC0-301F-11D3-BF4B-00C04F79EFBC}") = "Immutability", "Immutability\Immutability.csproj", "{89FBB384-70AD-4D7B-AE49-9836068D30B5}"
EndProject
Project("{FAE04EC0-301F-11D3-BF4B-00C04F79EFBC}") = "Immutability.Tests", "Immutability.Tests\Immutability.Tests.csproj", "{7CAC65EF-13BE-4E6A-866D-39AD663773D6}"
EndProject
Project("{FAE04EC0-301F-11D3-BF4B-00C04F79EFBC}") = "Nulls.Logic", "Nulls.Logic\Nulls.Logic.csproj", "{62E95356-602B-4402-AD5F-1836EAF47982}"
EndProject
Project("{FAE04EC0-301F-11D3-BF4B-00C04F79EFBC}") = "Nulls.UI", "Nulls.UI\Nulls.UI.csproj", "{0CB16336-73F4-4FA8-892D-BFB1A3AA1989}"
EndProject
Project("{FAE04EC0-301F-11D3-BF4B-00C04F79EFBC}") = "PrimitiveObsession.Logic", "PrimitiveObsession.Logic\PrimitiveObsession.Logic.csproj", "{07297040-9966-4D27-8A99-C64084DFAA69}"
EndProject
Project("{FAE04EC0-301F-11D3-BF4B-00C04F79EFBC}") = "PrimitiveObsession.UI", "PrimitiveObsession.UI\PrimitiveObsession.UI.csproj", "{9EBC3AC5-9A21-413D-A9F1-3B2810A0E62A}"
EndProject
Global
	GlobalSection(SolutionConfigurationPlatforms) = preSolution
		Debug|Any CPU = Debug|Any CPU
		Release|Any CPU = Release|Any CPU
	EndGlobalSection
	GlobalSection(ProjectConfigurationPlatforms) = postSolution
		{0E728935-9E7E-4DE2-873E-62136C2A0318}.Debug|Any CPU.ActiveCfg = Debug|Any CPU
		{0E728935-9E7E-4DE2-873E-62136C2A0318}.Debug|Any CPU.Build.0 = Debug|Any CPU
		{0E728935-9E7E-4DE2-873E-62136C2A0318}.Release|Any CPU.ActiveCfg = Release|Any CPU
		{0E728935-9E7E-4DE2-873E-62136C2A0318}.Release|Any CPU.Build.0 = Release|Any CPU
		{B384A028-C393-4B29-979B-0384F2CC89F2}.Debug|Any CPU.ActiveCfg = Debug|Any CPU
		{B384A028-C393-4B29-979B-0384F2CC89F2}.Debug|Any CPU.Build.0 = Debug|Any CPU
		{B384A028-C393-4B29-979B-0384F2CC89F2}.Release|Any CPU.ActiveCfg = Release|Any CPU
		{B384A028-C393-4B29-979B-0384F2CC89F2}.Release|Any CPU.Build.0 = Release|Any CPU
		{89FBB384-70AD-4D7B-AE49-9836068D30B5}.Debug|Any CPU.ActiveCfg = Debug|Any CPU
		{89FBB384-70AD-4D7B-AE49-9836068D30B5}.Debug|Any CPU.Build.0 = Debug|Any CPU
		{89FBB384-70AD-4D7B-AE49-9836068D30B5}.Release|Any CPU.ActiveCfg = Release|Any CPU
		{89FBB384-70AD-4D7B-AE49-9836068D30B5}.Release|Any CPU.Build.0 = Release|Any CPU
		{7CAC65EF-13BE-4E6A-866D-39AD663773D6}.Debug|Any CPU.ActiveCfg = Debug|Any CPU
		{7CAC65EF-13BE-4E6A-866D-39AD663773D6}.Debug|Any CPU.Build.0 = Debug|Any CPU
		{7CAC65EF-13BE-4E6A-866D-39AD663773D6}.Release|Any CPU.ActiveCfg = Release|Any CPU
		{7CAC65EF-13BE-4E6A-866D-39AD663773D6}.Release|Any CPU.Build.0 = Release|Any CPU
		{62E95356-602B-4402-AD5F-1836EAF47982}.Debug|Any CPU.ActiveCfg = Debug|Any CPU
		{62E95356-602B-4402-AD5F-1836EAF47982}.Debug|Any CPU.Build.0 = Debug|Any CPU
		{62E95356-602B-4402-AD5F-1836EAF47982}.Release|Any CPU.ActiveCfg = Release|Any CPU
		{62E95356-602B-4402-AD5F-1836EAF47982}.Release|Any CPU.Build.0 = Release|Any CPU
		{0CB16336-73F4-4FA8-892D-BFB1A3AA1989}.Debug|Any CPU.ActiveCfg = Debug|Any CPU
		{0CB16336-73F4-4FA8-892D-BFB1A3AA1989}.Debug|Any CPU.Build.0 = Debug|Any CPU
		{0CB16336-73F4-4FA8-892D-BFB1A3AA1989}.Release|Any CPU.ActiveCfg = Release|Any CPU
		{0CB16336-73F4-4FA8-892D-BFB1A3AA1989}.Release|Any CPU.Build.0 = Release|Any CPU
		{07297040-9966-4D27-8A99-C64084DFAA69}.Debug|Any CPU.ActiveCfg = Debug|Any CPU
		{07297040-9966-4D27-8A99-C64084DFAA69}.Debug|Any CPU.Build.0 = Debug|Any CPU
		{07297040-9966-4D27-8A99-C64084DFAA69}.Release|Any CPU.ActiveCfg = Release|Any CPU
		{07297040-9966-4D27-8A99-C64084DFAA69}.Release|Any CPU.Build.0 = Release|Any CPU
		{9EBC3AC5-9A21-413D-A9F1-3B2810A0E62A}.Debug|Any CPU.ActiveCfg = Debug|Any CPU
		{9EBC3AC5-9A21-413D-A9F1-3B2810A0E62A}.Debug|Any CPU.Build.0 = Debug|Any CPU
		{9EBC3AC5-9A21-413D-A9F1-3B2810A0E62A}.Release|Any CPU.ActiveCfg = Release|Any CPU
		{9EBC3AC5-9A21-413D-A9F1-3B2810A0E62A}.Release|Any CPU.Build.0 = Release|Any CPU
	EndGlobalSection
	GlobalSection(SolutionProperties) = preSolution
		HideSolutionNode = FALSE
	EndGlobalSection
EndGlobal
